
Microsoft Visual Studio Solution File, Format Version 12.00
# Visual Studio 15
VisualStudioVersion = 15.0.27428.2011
MinimumVisualStudioVersion = 10.0.40219.1
Project("{FAE04EC0-301F-11D3-BF4B-00C04F79EFBC}") = "SE-Mod-ADP-Reworked", "SE-Mod-ADP-Reworked.csproj", "{69D9575A-8F6A-4673-990B-BF32C3E1C1F8}"
EndProject
Global
	GlobalSection(SolutionConfigurationPlatforms) = preSolution
		Debug|Any CPU = Debug|Any CPU
		Release|Any CPU = Release|Any CPU
	EndGlobalSection
	GlobalSection(ProjectConfigurationPlatforms) = postSolution
		{69D9575A-8F6A-4673-990B-BF32C3E1C1F8}.Debug|Any CPU.ActiveCfg = Debug|Any CPU
		{69D9575A-8F6A-4673-990B-BF32C3E1C1F8}.Debug|Any CPU.Build.0 = Debug|Any CPU
		{69D9575A-8F6A-4673-990B-BF32C3E1C1F8}.Release|Any CPU.ActiveCfg = Release|Any CPU
		{69D9575A-8F6A-4673-990B-BF32C3E1C1F8}.Release|Any CPU.Build.0 = Release|Any CPU
	EndGlobalSection
	GlobalSection(SolutionProperties) = preSolution
		HideSolutionNode = FALSE
	EndGlobalSection
	GlobalSection(ExtensibilityGlobals) = postSolution
		SolutionGuid = {BBF56BEF-DF05-4023-A0D2-900B4606197F}
	EndGlobalSection
EndGlobal
